// !$*UTF8*$!
{
	archiveVersion = 1;
	classes = {
	};
	objectVersion = 48;
	objects = {

/* Begin PBXBuildFile section */
		333CF55AE1D4BB87806ABDC7 /* Pods_myLand.framework in Frameworks */ = {isa = PBXBuildFile; fileRef = BB25BC121E57D0E07C93BC81 /* Pods_myLand.framework */; };
		8A60807F201F008400C70534 /* AppDelegate.swift in Sources */ = {isa = PBXBuildFile; fileRef = 8A60807E201F008400C70534 /* AppDelegate.swift */; };
		8A608081201F008400C70534 /* ViewController.swift in Sources */ = {isa = PBXBuildFile; fileRef = 8A608080201F008400C70534 /* ViewController.swift */; };
		8A608084201F008400C70534 /* Main.storyboard in Resources */ = {isa = PBXBuildFile; fileRef = 8A608082201F008400C70534 /* Main.storyboard */; };
		8A608086201F008400C70534 /* Assets.xcassets in Resources */ = {isa = PBXBuildFile; fileRef = 8A608085201F008400C70534 /* Assets.xcassets */; };
		8A608089201F008400C70534 /* LaunchScreen.storyboard in Resources */ = {isa = PBXBuildFile; fileRef = 8A608087201F008400C70534 /* LaunchScreen.storyboard */; };
		8A608091201F00A700C70534 /* GoogleService-Info.plist in Resources */ = {isa = PBXBuildFile; fileRef = 8A608090201F00A700C70534 /* GoogleService-Info.plist */; };
		8A608099201F150700C70534 /* CreateUser.swift in Sources */ = {isa = PBXBuildFile; fileRef = 8A608098201F150700C70534 /* CreateUser.swift */; };
		8A60809B20204BF600C70534 /* MapView.swift in Sources */ = {isa = PBXBuildFile; fileRef = 8A60809A20204BF600C70534 /* MapView.swift */; };
		8A60809D2020681800C70534 /* overlay.json in Resources */ = {isa = PBXBuildFile; fileRef = 8A60809C2020681800C70534 /* overlay.json */; };
		8A60809F202095BF00C70534 /* testicon.png in Resources */ = {isa = PBXBuildFile; fileRef = 8A60809E202095BE00C70534 /* testicon.png */; };
		8A6080A12021F91000C70534 /* UserPin.swift in Sources */ = {isa = PBXBuildFile; fileRef = 8A6080A02021F90F00C70534 /* UserPin.swift */; };
		8A6080A3202305E600C70534 /* PathButton.swift in Sources */ = {isa = PBXBuildFile; fileRef = 8A6080A2202305E500C70534 /* PathButton.swift */; };
/* End PBXBuildFile section */

/* Begin PBXFileReference section */
		334D22EE1254DCE62DD1854A /* Pods-myLand.release.xcconfig */ = {isa = PBXFileReference; includeInIndex = 1; lastKnownFileType = text.xcconfig; name = "Pods-myLand.release.xcconfig"; path = "Pods/Target Support Files/Pods-myLand/Pods-myLand.release.xcconfig"; sourceTree = "<group>"; };
		8A60807B201F008400C70534 /* myLand.app */ = {isa = PBXFileReference; explicitFileType = wrapper.application; includeInIndex = 0; path = myLand.app; sourceTree = BUILT_PRODUCTS_DIR; };
		8A60807E201F008400C70534 /* AppDelegate.swift */ = {isa = PBXFileReference; lastKnownFileType = sourcecode.swift; path = AppDelegate.swift; sourceTree = "<group>"; };
		8A608080201F008400C70534 /* ViewController.swift */ = {isa = PBXFileReference; lastKnownFileType = sourcecode.swift; path = ViewController.swift; sourceTree = "<group>"; };
		8A608083201F008400C70534 /* Base */ = {isa = PBXFileReference; lastKnownFileType = file.storyboard; name = Base; path = Base.lproj/Main.storyboard; sourceTree = "<group>"; };
		8A608085201F008400C70534 /* Assets.xcassets */ = {isa = PBXFileReference; lastKnownFileType = folder.assetcatalog; path = Assets.xcassets; sourceTree = "<group>"; };
		8A608088201F008400C70534 /* Base */ = {isa = PBXFileReference; lastKnownFileType = file.storyboard; name = Base; path = Base.lproj/LaunchScreen.storyboard; sourceTree = "<group>"; };
		8A60808A201F008400C70534 /* Info.plist */ = {isa = PBXFileReference; lastKnownFileType = text.plist.xml; path = Info.plist; sourceTree = "<group>"; };
		8A608090201F00A700C70534 /* GoogleService-Info.plist */ = {isa = PBXFileReference; fileEncoding = 4; lastKnownFileType = text.plist.xml; path = "GoogleService-Info.plist"; sourceTree = "<group>"; };
		8A608098201F150700C70534 /* CreateUser.swift */ = {isa = PBXFileReference; lastKnownFileType = sourcecode.swift; path = CreateUser.swift; sourceTree = "<group>"; };
		8A60809A20204BF600C70534 /* MapView.swift */ = {isa = PBXFileReference; lastKnownFileType = sourcecode.swift; path = MapView.swift; sourceTree = "<group>"; };
		8A60809C2020681800C70534 /* overlay.json */ = {isa = PBXFileReference; fileEncoding = 4; lastKnownFileType = text.json; path = overlay.json; sourceTree = "<group>"; };
		8A60809E202095BE00C70534 /* testicon.png */ = {isa = PBXFileReference; lastKnownFileType = image.png; path = testicon.png; sourceTree = "<group>"; };
		8A6080A02021F90F00C70534 /* UserPin.swift */ = {isa = PBXFileReference; lastKnownFileType = sourcecode.swift; path = UserPin.swift; sourceTree = "<group>"; };
		8A6080A2202305E500C70534 /* PathButton.swift */ = {isa = PBXFileReference; lastKnownFileType = sourcecode.swift; path = PathButton.swift; sourceTree = "<group>"; };
		A4EBCED6BE87D7126447771E /* Pods-myLand.debug.xcconfig */ = {isa = PBXFileReference; includeInIndex = 1; lastKnownFileType = text.xcconfig; name = "Pods-myLand.debug.xcconfig"; path = "Pods/Target Support Files/Pods-myLand/Pods-myLand.debug.xcconfig"; sourceTree = "<group>"; };
		BB25BC121E57D0E07C93BC81 /* Pods_myLand.framework */ = {isa = PBXFileReference; explicitFileType = wrapper.framework; includeInIndex = 0; path = Pods_myLand.framework; sourceTree = BUILT_PRODUCTS_DIR; };
/* End PBXFileReference section */

/* Begin PBXFrameworksBuildPhase section */
		8A608078201F008400C70534 /* Frameworks */ = {
			isa = PBXFrameworksBuildPhase;
			buildActionMask = 2147483647;
			files = (
				333CF55AE1D4BB87806ABDC7 /* Pods_myLand.framework in Frameworks */,
			);
			runOnlyForDeploymentPostprocessing = 0;
		};
/* End PBXFrameworksBuildPhase section */

/* Begin PBXGroup section */
		101AF8055822445BDD8E3A0B /* Pods */ = {
			isa = PBXGroup;
			children = (
				A4EBCED6BE87D7126447771E /* Pods-myLand.debug.xcconfig */,
				334D22EE1254DCE62DD1854A /* Pods-myLand.release.xcconfig */,
			);
			name = Pods;
			sourceTree = "<group>";
		};
		8A608072201F008400C70534 = {
			isa = PBXGroup;
			children = (
				8A60807D201F008400C70534 /* myLand */,
				8A60807C201F008400C70534 /* Products */,
				101AF8055822445BDD8E3A0B /* Pods */,
				E578141BA2D9B15CB02DA250 /* Frameworks */,
			);
			sourceTree = "<group>";
		};
		8A60807C201F008400C70534 /* Products */ = {
			isa = PBXGroup;
			children = (
				8A60807B201F008400C70534 /* myLand.app */,
			);
			name = Products;
			sourceTree = "<group>";
		};
		8A60807D201F008400C70534 /* myLand */ = {
			isa = PBXGroup;
			children = (
				8A60809C2020681800C70534 /* overlay.json */,
				8A608098201F150700C70534 /* CreateUser.swift */,
				8A60807E201F008400C70534 /* AppDelegate.swift */,
				8A608080201F008400C70534 /* ViewController.swift */,
				8A608082201F008400C70534 /* Main.storyboard */,
				8A6080A2202305E500C70534 /* PathButton.swift */,
				8A60809A20204BF600C70534 /* MapView.swift */,
				8A6080A02021F90F00C70534 /* UserPin.swift */,
				8A608085201F008400C70534 /* Assets.xcassets */,
				8A60809E202095BE00C70534 /* testicon.png */,
				8A608087201F008400C70534 /* LaunchScreen.storyboard */,
				8A60808A201F008400C70534 /* Info.plist */,
				8A608090201F00A700C70534 /* GoogleService-Info.plist */,
			);
			path = myLand;
			sourceTree = "<group>";
		};
		E578141BA2D9B15CB02DA250 /* Frameworks */ = {
			isa = PBXGroup;
			children = (
				BB25BC121E57D0E07C93BC81 /* Pods_myLand.framework */,
			);
			name = Frameworks;
			sourceTree = "<group>";
		};
/* End PBXGroup section */

/* Begin PBXNativeTarget section */
		8A60807A201F008400C70534 /* myLand */ = {
			isa = PBXNativeTarget;
			buildConfigurationList = 8A60808D201F008400C70534 /* Build configuration list for PBXNativeTarget "myLand" */;
			buildPhases = (
				F5887E947C38E987F60286CD /* [CP] Check Pods Manifest.lock */,
				8A608077201F008400C70534 /* Sources */,
				8A608078201F008400C70534 /* Frameworks */,
				8A608079201F008400C70534 /* Resources */,
				AE9500B46B40C7FF4FECEBE8 /* [CP] Embed Pods Frameworks */,
				D53A8A1BC60459E46F0B9D15 /* [CP] Copy Pods Resources */,
			);
			buildRules = (
			);
			dependencies = (
			);
			name = myLand;
			productName = myLand;
			productReference = 8A60807B201F008400C70534 /* myLand.app */;
			productType = "com.apple.product-type.application";
		};
/* End PBXNativeTarget section */

/* Begin PBXProject section */
		8A608073201F008400C70534 /* Project object */ = {
			isa = PBXProject;
			attributes = {
				LastSwiftUpdateCheck = 0920;
				LastUpgradeCheck = 0920;
				ORGANIZATIONNAME = reklammakinasi;
				TargetAttributes = {
					8A60807A201F008400C70534 = {
						CreatedOnToolsVersion = 9.2;
						ProvisioningStyle = Automatic;
					};
				};
			};
			buildConfigurationList = 8A608076201F008400C70534 /* Build configuration list for PBXProject "myLand" */;
			compatibilityVersion = "Xcode 8.0";
			developmentRegion = en;
			hasScannedForEncodings = 0;
			knownRegions = (
				en,
				Base,
			);
			mainGroup = 8A608072201F008400C70534;
			productRefGroup = 8A60807C201F008400C70534 /* Products */;
			projectDirPath = "";
			projectRoot = "";
			targets = (
				8A60807A201F008400C70534 /* myLand */,
			);
		};
/* End PBXProject section */

/* Begin PBXResourcesBuildPhase section */
		8A608079201F008400C70534 /* Resources */ = {
			isa = PBXResourcesBuildPhase;
			buildActionMask = 2147483647;
			files = (
				8A60809D2020681800C70534 /* overlay.json in Resources */,
				8A608089201F008400C70534 /* LaunchScreen.storyboard in Resources */,
				8A608086201F008400C70534 /* Assets.xcassets in Resources */,
				8A608091201F00A700C70534 /* GoogleService-Info.plist in Resources */,
				8A60809F202095BF00C70534 /* testicon.png in Resources */,
				8A608084201F008400C70534 /* Main.storyboard in Resources */,
			);
			runOnlyForDeploymentPostprocessing = 0;
		};
/* End PBXResourcesBuildPhase section */

/* Begin PBXShellScriptBuildPhase section */
		AE9500B46B40C7FF4FECEBE8 /* [CP] Embed Pods Frameworks */ = {
			isa = PBXShellScriptBuildPhase;
			buildActionMask = 2147483647;
			files = (
			);
			inputPaths = (
				"${SRCROOT}/Pods/Target Support Files/Pods-myLand/Pods-myLand-frameworks.sh",
				"${BUILT_PRODUCTS_DIR}/GTMSessionFetcher/GTMSessionFetcher.framework",
				"${BUILT_PRODUCTS_DIR}/GoogleToolboxForMac/GoogleToolboxForMac.framework",
				"${BUILT_PRODUCTS_DIR}/MapKitGoogleStyler/MapKitGoogleStyler.framework",
				"${BUILT_PRODUCTS_DIR}/leveldb-library/leveldb.framework",
				"${BUILT_PRODUCTS_DIR}/nanopb/nanopb.framework",
			);
			name = "[CP] Embed Pods Frameworks";
			outputPaths = (
				"${TARGET_BUILD_DIR}/${FRAMEWORKS_FOLDER_PATH}/GTMSessionFetcher.framework",
				"${TARGET_BUILD_DIR}/${FRAMEWORKS_FOLDER_PATH}/GoogleToolboxForMac.framework",
				"${TARGET_BUILD_DIR}/${FRAMEWORKS_FOLDER_PATH}/MapKitGoogleStyler.framework",
				"${TARGET_BUILD_DIR}/${FRAMEWORKS_FOLDER_PATH}/leveldb.framework",
				"${TARGET_BUILD_DIR}/${FRAMEWORKS_FOLDER_PATH}/nanopb.framework",
			);
			runOnlyForDeploymentPostprocessing = 0;
			shellPath = /bin/sh;
			shellScript = "\"${SRCROOT}/Pods/Target Support Files/Pods-myLand/Pods-myLand-frameworks.sh\"\n";
			showEnvVarsInLog = 0;
		};
		D53A8A1BC60459E46F0B9D15 /* [CP] Copy Pods Resources */ = {
			isa = PBXShellScriptBuildPhase;
			buildActionMask = 2147483647;
			files = (
			);
			inputPaths = (
			);
			name = "[CP] Copy Pods Resources";
			outputPaths = (
			);
			runOnlyForDeploymentPostprocessing = 0;
			shellPath = /bin/sh;
			shellScript = "\"${SRCROOT}/Pods/Target Support Files/Pods-myLand/Pods-myLand-resources.sh\"\n";
			showEnvVarsInLog = 0;
		};
		F5887E947C38E987F60286CD /* [CP] Check Pods Manifest.lock */ = {
			isa = PBXShellScriptBuildPhase;
			buildActionMask = 2147483647;
			files = (
			);
			inputPaths = (
				"${PODS_PODFILE_DIR_PATH}/Podfile.lock",
				"${PODS_ROOT}/Manifest.lock",
			);
			name = "[CP] Check Pods Manifest.lock";
			outputPaths = (
				"$(DERIVED_FILE_DIR)/Pods-myLand-checkManifestLockResult.txt",
			);
			runOnlyForDeploymentPostprocessing = 0;
			shellPath = /bin/sh;
			shellScript = "diff \"${PODS_PODFILE_DIR_PATH}/Podfile.lock\" \"${PODS_ROOT}/Manifest.lock\" > /dev/null\nif [ $? != 0 ] ; then\n    # print error to STDERR\n    echo \"error: The sandbox is not in sync with the Podfile.lock. Run 'pod install' or update your CocoaPods installation.\" >&2\n    exit 1\nfi\n# This output is used by Xcode 'outputs' to avoid re-running this script phase.\necho \"SUCCESS\" > \"${SCRIPT_OUTPUT_FILE_0}\"\n";
			showEnvVarsInLog = 0;
		};
/* End PBXShellScriptBuildPhase section */

/* Begin PBXSourcesBuildPhase section */
		8A608077201F008400C70534 /* Sources */ = {
			isa = PBXSourcesBuildPhase;
			buildActionMask = 2147483647;
			files = (
				8A6080A12021F91000C70534 /* UserPin.swift in Sources */,
				8A608081201F008400C70534 /* ViewController.swift in Sources */,
				8A6080A3202305E600C70534 /* PathButton.swift in Sources */,
				8A60809B20204BF600C70534 /* MapView.swift in Sources */,
				8A608099201F150700C70534 /* CreateUser.swift in Sources */,
				8A60807F201F008400C70534 /* AppDelegate.swift in Sources */,
			);
			runOnlyForDeploymentPostprocessing = 0;
		};
/* End PBXSourcesBuildPhase section */

/* Begin PBXVariantGroup section */
		8A608082201F008400C70534 /* Main.storyboard */ = {
			isa = PBXVariantGroup;
			children = (
				8A608083201F008400C70534 /* Base */,
			);
			name = Main.storyboard;
			sourceTree = "<group>";
		};
		8A608087201F008400C70534 /* LaunchScreen.storyboard */ = {
			isa = PBXVariantGroup;
			children = (
				8A608088201F008400C70534 /* Base */,
			);
			name = LaunchScreen.storyboard;
			sourceTree = "<group>";
		};
/* End PBXVariantGroup section */

/* Begin XCBuildConfiguration section */
		8A60808B201F008400C70534 /* Debug */ = {
			isa = XCBuildConfiguration;
			buildSettings = {
				ALWAYS_SEARCH_USER_PATHS = NO;
				CLANG_ANALYZER_NONNULL = YES;
				CLANG_ANALYZER_NUMBER_OBJECT_CONVERSION = YES_AGGRESSIVE;
				CLANG_CXX_LANGUAGE_STANDARD = "gnu++14";
				CLANG_CXX_LIBRARY = "libc++";
				CLANG_ENABLE_MODULES = YES;
				CLANG_ENABLE_OBJC_ARC = YES;
				CLANG_WARN_BLOCK_CAPTURE_AUTORELEASING = YES;
				CLANG_WARN_BOOL_CONVERSION = YES;
				CLANG_WARN_COMMA = YES;
				CLANG_WARN_CONSTANT_CONVERSION = YES;
				CLANG_WARN_DIRECT_OBJC_ISA_USAGE = YES_ERROR;
				CLANG_WARN_DOCUMENTATION_COMMENTS = YES;
				CLANG_WARN_EMPTY_BODY = YES;
				CLANG_WARN_ENUM_CONVERSION = YES;
				CLANG_WARN_INFINITE_RECURSION = YES;
				CLANG_WARN_INT_CONVERSION = YES;
				CLANG_WARN_NON_LITERAL_NULL_CONVERSION = YES;
				CLANG_WARN_OBJC_LITERAL_CONVERSION = YES;
				CLANG_WARN_OBJC_ROOT_CLASS = YES_ERROR;
				CLANG_WARN_RANGE_LOOP_ANALYSIS = YES;
				CLANG_WARN_STRICT_PROTOTYPES = YES;
				CLANG_WARN_SUSPICIOUS_MOVE = YES;
				CLANG_WARN_UNGUARDED_AVAILABILITY = YES_AGGRESSIVE;
				CLANG_WARN_UNREACHABLE_CODE = YES;
				CLANG_WARN__DUPLICATE_METHOD_MATCH = YES;
				CODE_SIGN_IDENTITY = "iPhone Developer";
				COPY_PHASE_STRIP = NO;
				DEBUG_INFORMATION_FORMAT = dwarf;
				ENABLE_STRICT_OBJC_MSGSEND = YES;
				ENABLE_TESTABILITY = YES;
				GCC_C_LANGUAGE_STANDARD = gnu11;
				GCC_DYNAMIC_NO_PIC = NO;
				GCC_NO_COMMON_BLOCKS = YES;
				GCC_OPTIMIZATION_LEVEL = 0;
				GCC_PREPROCESSOR_DEFINITIONS = (
					"DEBUG=1",
					"$(inherited)",
				);
				GCC_WARN_64_TO_32_BIT_CONVERSION = YES;
				GCC_WARN_ABOUT_RETURN_TYPE = YES_ERROR;
				GCC_WARN_UNDECLARED_SELECTOR = YES;
				GCC_WARN_UNINITIALIZED_AUTOS = YES_AGGRESSIVE;
				GCC_WARN_UNUSED_FUNCTION = YES;
				GCC_WARN_UNUSED_VARIABLE = YES;
				IPHONEOS_DEPLOYMENT_TARGET = 11.2;
				MTL_ENABLE_DEBUG_INFO = YES;
				ONLY_ACTIVE_ARCH = YES;
				SDKROOT = iphoneos;
				SWIFT_ACTIVE_COMPILATION_CONDITIONS = DEBUG;
				SWIFT_OPTIMIZATION_LEVEL = "-Onone";
			};
			name = Debug;
		};
		8A60808C201F008400C70534 /* Release */ = {
			isa = XCBuildConfiguration;
			buildSettings = {
				ALWAYS_SEARCH_USER_PATHS = NO;
				CLANG_ANALYZER_NONNULL = YES;
				CLANG_ANALYZER_NUMBER_OBJECT_CONVERSION = YES_AGGRESSIVE;
				CLANG_CXX_LANGUAGE_STANDARD = "gnu++14";
				CLANG_CXX_LIBRARY = "libc++";
				CLANG_ENABLE_MODULES = YES;
				CLANG_ENABLE_OBJC_ARC = YES;
				CLANG_WARN_BLOCK_CAPTURE_AUTORELEASING = YES;
				CLANG_WARN_BOOL_CONVERSION = YES;
				CLANG_WARN_COMMA = YES;
				CLANG_WARN_CONSTANT_CONVERSION = YES;
				CLANG_WARN_DIRECT_OBJC_ISA_USAGE = YES_ERROR;
				CLANG_WARN_DOCUMENTATION_COMMENTS = YES;
				CLANG_WARN_EMPTY_BODY = YES;
				CLANG_WARN_ENUM_CONVERSION = YES;
				CLANG_WARN_INFINITE_RECURSION = YES;
				CLANG_WARN_INT_CONVERSION = YES;
				CLANG_WARN_NON_LITERAL_NULL_CONVERSION = YES;
				CLANG_WARN_OBJC_LITERAL_CONVERSION = YES;
				CLANG_WARN_OBJC_ROOT_CLASS = YES_ERROR;
				CLANG_WARN_RANGE_LOOP_ANALYSIS = YES;
				CLANG_WARN_STRICT_PROTOTYPES = YES;
				CLANG_WARN_SUSPICIOUS_MOVE = YES;
				CLANG_WARN_UNGUARDED_AVAILABILITY = YES_AGGRESSIVE;
				CLANG_WARN_UNREACHABLE_CODE = YES;
				CLANG_WARN__DUPLICATE_METHOD_MATCH = YES;
				CODE_SIGN_IDENTITY = "iPhone Developer";
				COPY_PHASE_STRIP = NO;
				DEBUG_INFORMATION_FORMAT = "dwarf-with-dsym";
				ENABLE_NS_ASSERTIONS = NO;
				ENABLE_STRICT_OBJC_MSGSEND = YES;
				GCC_C_LANGUAGE_STANDARD = gnu11;
				GCC_NO_COMMON_BLOCKS = YES;
				GCC_WARN_64_TO_32_BIT_CONVERSION = YES;
				GCC_WARN_ABOUT_RETURN_TYPE = YES_ERROR;
				GCC_WARN_UNDECLARED_SELECTOR = YES;
				GCC_WARN_UNINITIALIZED_AUTOS = YES_AGGRESSIVE;
				GCC_WARN_UNUSED_FUNCTION = YES;
				GCC_WARN_UNUSED_VARIABLE = YES;
				IPHONEOS_DEPLOYMENT_TARGET = 11.2;
				MTL_ENABLE_DEBUG_INFO = NO;
				SDKROOT = iphoneos;
				SWIFT_OPTIMIZATION_LEVEL = "-Owholemodule";
				VALIDATE_PRODUCT = YES;
			};
			name = Release;
		};
		8A60808E201F008400C70534 /* Debug */ = {
			isa = XCBuildConfiguration;
			baseConfigurationReference = A4EBCED6BE87D7126447771E /* Pods-myLand.debug.xcconfig */;
			buildSettings = {
				ASSETCATALOG_COMPILER_APPICON_NAME = AppIcon;
				CODE_SIGN_STYLE = Automatic;
				DEVELOPMENT_TEAM = DNZK3TAJSD;
				INFOPLIST_FILE = myLand/Info.plist;
				LD_RUNPATH_SEARCH_PATHS = "$(inherited) @executable_path/Frameworks";
				PRODUCT_BUNDLE_IDENTIFIER = com.reklammakinasi.myLand;
				PRODUCT_NAME = "$(TARGET_NAME)";
				SWIFT_VERSION = 4.0;
				TARGETED_DEVICE_FAMILY = "1,2";
			};
			name = Debug;
		};
		8A60808F201F008400C70534 /* Release */ = {
			isa = XCBuildConfiguration;
			baseConfigurationReference = 334D22EE1254DCE62DD1854A /* Pods-myLand.release.xcconfig */;
			buildSettings = {
				ASSETCATALOG_COMPILER_APPICON_NAME = AppIcon;
				CODE_SIGN_STYLE = Automatic;
				DEVELOPMENT_TEAM = DNZK3TAJSD;
				INFOPLIST_FILE = myLand/Info.plist;
				LD_RUNPATH_SEARCH_PATHS = "$(inherited) @executable_path/Frameworks";
				PRODUCT_BUNDLE_IDENTIFIER = com.reklammakinasi.myLand;
				PRODUCT_NAME = "$(TARGET_NAME)";
				SWIFT_VERSION = 4.0;
				TARGETED_DEVICE_FAMILY = "1,2";
			};
			name = Release;
		};
/* End XCBuildConfiguration section */

/* Begin XCConfigurationList section */
		8A608076201F008400C70534 /* Build configuration list for PBXProject "myLand" */ = {
			isa = XCConfigurationList;
			buildConfigurations = (
				8A60808B201F008400C70534 /* Debug */,
				8A60808C201F008400C70534 /* Release */,
			);
			defaultConfigurationIsVisible = 0;
			defaultConfigurationName = Release;
		};
		8A60808D201F008400C70534 /* Build configuration list for PBXNativeTarget "myLand" */ = {
			isa = XCConfigurationList;
			buildConfigurations = (
				8A60808E201F008400C70534 /* Debug */,
				8A60808F201F008400C70534 /* Release */,
			);
			defaultConfigurationIsVisible = 0;
			defaultConfigurationName = Release;
		};
/* End XCConfigurationList section */
	};
	rootObject = 8A608073201F008400C70534 /* Project object */;
}
